# This file is autogenerated, do not edit; changes may be undone by the next 'dep ensure'.


[[projects]]
  name = "github.com/mattn/go-runewidth"
  packages = ["."]
  revision = "9e777a8366cce605130a531d2cd6363d07ad7317"
  version = "v0.0.2"

[[projects]]
  branch = "master"
  name = "github.com/nsf/termbox-go"
  packages = ["."]
  revision = "88b7b944be8bc8d8ec6195fca97c5869ba20f99d"

[[projects]]
  branch = "master"
  name = "github.com/wayneashleyberry/terminal-dimensions"
  packages = ["."]
  revision = "29d939246793fbd8100dcf74700637adcb839bc5"

[solve-meta]
  analyzer-name = "dep"
  analyzer-version = 1
  inputs-digest = "35171bc57d3a0dda529e26d82b9cdd415938e3b8d0cca4a504af536882fde853"
  solver-name = "gps-cdcl"
  solver-version = 1
